
Microsoft Visual Studio Solution File, Format Version 12.00
# Visual Studio Version 16
VisualStudioVersion = 16.0.30406.217
MinimumVisualStudioVersion = 10.0.40219.1
Project("{FAE04EC0-301F-11D3-BF4B-00C04F79EFBC}") = "EFSecondLevelCache", "EFSecondLevelCache\EFSecondLevelCache.csproj", "{8D7A8BA6-A4AA-47B3-9BBD-62DEF6211041}"
EndProject
Project("{FAE04EC0-301F-11D3-BF4B-00C04F79EFBC}") = "EFCache", "EFCache\EFCache.csproj", "{777D072B-8399-404E-B963-54C75961AA40}"
EndProject
Global
	GlobalSection(SolutionConfigurationPlatforms) = preSolution
		Debug|Any CPU = Debug|Any CPU
		Release|Any CPU = Release|Any CPU
	EndGlobalSection
	GlobalSection(ProjectConfigurationPlatforms) = postSolution
		{8D7A8BA6-A4AA-47B3-9BBD-62DEF6211041}.Debug|Any CPU.ActiveCfg = Debug|Any CPU
		{8D7A8BA6-A4AA-47B3-9BBD-62DEF6211041}.Debug|Any CPU.Build.0 = Debug|Any CPU
		{8D7A8BA6-A4AA-47B3-9BBD-62DEF6211041}.Release|Any CPU.ActiveCfg = Release|Any CPU
		{8D7A8BA6-A4AA-47B3-9BBD-62DEF6211041}.Release|Any CPU.Build.0 = Release|Any CPU
		{777D072B-8399-404E-B963-54C75961AA40}.Debug|Any CPU.ActiveCfg = Debug|Any CPU
		{777D072B-8399-404E-B963-54C75961AA40}.Debug|Any CPU.Build.0 = Debug|Any CPU
		{777D072B-8399-404E-B963-54C75961AA40}.Release|Any CPU.ActiveCfg = Release|Any CPU
		{777D072B-8399-404E-B963-54C75961AA40}.Release|Any CPU.Build.0 = Release|Any CPU
	EndGlobalSection
	GlobalSection(SolutionProperties) = preSolution
		HideSolutionNode = FALSE
	EndGlobalSection
	GlobalSection(ExtensibilityGlobals) = postSolution
		SolutionGuid = {82BAC722-56E4-40DA-81A2-F7C3F6C5725A}
	EndGlobalSection
EndGlobal
